{
  "name": "miner_enterprises",
  "lockfileVersion": 3,
  "requires": true,
  "packages": {
    "": {
      "dependencies": {
        "xendit-node": "^7.0.0"
      }
    },
    "node_modules/xendit-node": {
      "version": "7.0.0",
      "resolved": "https://registry.npmjs.org/xendit-node/-/xendit-node-7.0.0.tgz",
      "integrity": "sha512-atsCQ9femoWLu+hU5rY0TZ+ZhqSYbpTtABZN7rGMhhBh1xLhTuY1rgLfoaXzFiRt3eOQRqsew78wPUcQn1QckA==",
      "engines": {
        "node": ">=18.0.0"
      }
    }
  }
}
